Microsoft Visual Studio Solution File, Format Version 11.00
# Visual Studio 2008

Project("{EB32D3F3-E549-8997-2E14-E7D1AFCCA109}") = "my_Roll_a_Ball_prog", "Assembly-CSharp.csproj", "{45D8F9BE-9FFA-4A04-413D-8DD26A5ECBA0}"
EndProject
Global
	GlobalSection(SolutionConfigurationPlatforms) = preSolution
		Debug|Any CPU = Debug|Any CPU
		Release|Any CPU = Release|Any CPU
	EndGlobalSection
	GlobalSection(ProjectConfigurationPlatforms) = postSolution
		{45D8F9BE-9FFA-4A04-413D-8DD26A5ECBA0}.Debug|Any CPU.ActiveCfg = Debug|Any CPU
		{45D8F9BE-9FFA-4A04-413D-8DD26A5ECBA0}.Debug|Any CPU.Build.0 = Debug|Any CPU
		{45D8F9BE-9FFA-4A04-413D-8DD26A5ECBA0}.Release|Any CPU.ActiveCfg = Release|Any CPU
		{45D8F9BE-9FFA-4A04-413D-8DD26A5ECBA0}.Release|Any CPU.Build.0 = Release|Any CPU
	EndGlobalSection
	GlobalSection(SolutionProperties) = preSolution
		HideSolutionNode = FALSE
	EndGlobalSection
	GlobalSection(MonoDevelopProperties) = preSolution
		StartupItem = Assembly-CSharp.csproj
	EndGlobalSection
EndGlobal
